
Microsoft Visual Studio Solution File, Format Version 12.00
# Visual Studio Version 17
VisualStudioVersion = 17.14.36221.1 d17.14
MinimumVisualStudioVersion = 10.0.40219.1
Project("{FAE04EC0-301F-11D3-BF4B-00C04F79EFBC}") = "FRIENDS_WebApp", "FRIENDS_WebApp\FRIENDS_WebApp.csproj", "{87093B33-8030-40C8-90A9-9B68B0CFF603}"
EndProject
Global
	GlobalSection(SolutionConfigurationPlatforms) = preSolution
		Debug|Any CPU = Debug|Any CPU
		Release|Any CPU = Release|Any CPU
	EndGlobalSection
	GlobalSection(ProjectConfigurationPlatforms) = postSolution
		{87093B33-8030-40C8-90A9-9B68B0CFF603}.Debug|Any CPU.ActiveCfg = Debug|Any CPU
		{87093B33-8030-40C8-90A9-9B68B0CFF603}.Debug|Any CPU.Build.0 = Debug|Any CPU
		{87093B33-8030-40C8-90A9-9B68B0CFF603}.Release|Any CPU.ActiveCfg = Release|Any CPU
		{87093B33-8030-40C8-90A9-9B68B0CFF603}.Release|Any CPU.Build.0 = Release|Any CPU
	EndGlobalSection
	GlobalSection(SolutionProperties) = preSolution
		HideSolutionNode = FALSE
	EndGlobalSection
	GlobalSection(ExtensibilityGlobals) = postSolution
		SolutionGuid = {3F7DFB19-C47C-46AD-A437-4DEE5B76AAAB}
	EndGlobalSection
EndGlobal
